
Microsoft Visual Studio Solution File, Format Version 12.00
# Visual Studio 15
VisualStudioVersion = 15.0.27004.2002
MinimumVisualStudioVersion = 10.0.40219.1
Project("{FAE04EC0-301F-11D3-BF4B-00C04F79EFBC}") = "Classroom", "Classroom\Classroom.csproj", "{3544BC8D-6E6D-4E85-AA7E-C0FCAB89094B}"
EndProject
Project("{FAE04EC0-301F-11D3-BF4B-00C04F79EFBC}") = "Common", "Common\Common.csproj", "{A9AA7DA5-DB45-4E02-AF48-70403B677EEC}"
EndProject
Project("{FAE04EC0-301F-11D3-BF4B-00C04F79EFBC}") = "Service", "Service\Service.csproj", "{B898E4B0-D3EC-4ADE-8C6C-5AEAFB7EB1F0}"
EndProject
Project("{FAE04EC0-301F-11D3-BF4B-00C04F79EFBC}") = "MeetingSdk.Wpf", "..\MeetingSdk2\MeetingSdk.Wpf\MeetingSdk.Wpf.csproj", "{1AC195A5-91EB-4C63-8035-0B9B1FA837E2}"
EndProject
Project("{FAE04EC0-301F-11D3-BF4B-00C04F79EFBC}") = "MeetingSdk.NetAgent", "..\MeetingSdk2\MeetingSdk.NetAgent\MeetingSdk.NetAgent.csproj", "{4C141806-F4FA-43FC-8813-B5F02425EBEB}"
EndProject
Global
	GlobalSection(SolutionConfigurationPlatforms) = preSolution
		Debug|Any CPU = Debug|Any CPU
		Debug|x64 = Debug|x64
		Release|Any CPU = Release|Any CPU
		Release|x64 = Release|x64
	EndGlobalSection
	GlobalSection(ProjectConfigurationPlatforms) = postSolution
		{3544BC8D-6E6D-4E85-AA7E-C0FCAB89094B}.Debug|Any CPU.ActiveCfg = Debug|Any CPU
		{3544BC8D-6E6D-4E85-AA7E-C0FCAB89094B}.Debug|Any CPU.Build.0 = Debug|Any CPU
		{3544BC8D-6E6D-4E85-AA7E-C0FCAB89094B}.Debug|x64.ActiveCfg = Debug|x64
		{3544BC8D-6E6D-4E85-AA7E-C0FCAB89094B}.Debug|x64.Build.0 = Debug|x64
		{3544BC8D-6E6D-4E85-AA7E-C0FCAB89094B}.Release|Any CPU.ActiveCfg = Release|Any CPU
		{3544BC8D-6E6D-4E85-AA7E-C0FCAB89094B}.Release|Any CPU.Build.0 = Release|Any CPU
		{3544BC8D-6E6D-4E85-AA7E-C0FCAB89094B}.Release|x64.ActiveCfg = Release|x64
		{3544BC8D-6E6D-4E85-AA7E-C0FCAB89094B}.Release|x64.Build.0 = Release|x64
		{A9AA7DA5-DB45-4E02-AF48-70403B677EEC}.Debug|Any CPU.ActiveCfg = Debug|Any CPU
		{A9AA7DA5-DB45-4E02-AF48-70403B677EEC}.Debug|Any CPU.Build.0 = Debug|Any CPU
		{A9AA7DA5-DB45-4E02-AF48-70403B677EEC}.Debug|x64.ActiveCfg = Debug|x64
		{A9AA7DA5-DB45-4E02-AF48-70403B677EEC}.Debug|x64.Build.0 = Debug|x64
		{A9AA7DA5-DB45-4E02-AF48-70403B677EEC}.Release|Any CPU.ActiveCfg = Release|Any CPU
		{A9AA7DA5-DB45-4E02-AF48-70403B677EEC}.Release|Any CPU.Build.0 = Release|Any CPU
		{A9AA7DA5-DB45-4E02-AF48-70403B677EEC}.Release|x64.ActiveCfg = Release|x64
		{A9AA7DA5-DB45-4E02-AF48-70403B677EEC}.Release|x64.Build.0 = Release|x64
		{B898E4B0-D3EC-4ADE-8C6C-5AEAFB7EB1F0}.Debug|Any CPU.ActiveCfg = Debug|Any CPU
		{B898E4B0-D3EC-4ADE-8C6C-5AEAFB7EB1F0}.Debug|Any CPU.Build.0 = Debug|Any CPU
		{B898E4B0-D3EC-4ADE-8C6C-5AEAFB7EB1F0}.Debug|x64.ActiveCfg = Debug|x64
		{B898E4B0-D3EC-4ADE-8C6C-5AEAFB7EB1F0}.Debug|x64.Build.0 = Debug|x64
		{B898E4B0-D3EC-4ADE-8C6C-5AEAFB7EB1F0}.Release|Any CPU.ActiveCfg = Release|Any CPU
		{B898E4B0-D3EC-4ADE-8C6C-5AEAFB7EB1F0}.Release|Any CPU.Build.0 = Release|Any CPU
		{B898E4B0-D3EC-4ADE-8C6C-5AEAFB7EB1F0}.Release|x64.ActiveCfg = Release|x64
		{B898E4B0-D3EC-4ADE-8C6C-5AEAFB7EB1F0}.Release|x64.Build.0 = Release|x64
		{1AC195A5-91EB-4C63-8035-0B9B1FA837E2}.Debug|Any CPU.ActiveCfg = Debug|Any CPU
		{1AC195A5-91EB-4C63-8035-0B9B1FA837E2}.Debug|Any CPU.Build.0 = Debug|Any CPU
		{1AC195A5-91EB-4C63-8035-0B9B1FA837E2}.Debug|x64.ActiveCfg = Debug|Any CPU
		{1AC195A5-91EB-4C63-8035-0B9B1FA837E2}.Debug|x64.Build.0 = Debug|Any CPU
		{1AC195A5-91EB-4C63-8035-0B9B1FA837E2}.Release|Any CPU.ActiveCfg = Release|Any CPU
		{1AC195A5-91EB-4C63-8035-0B9B1FA837E2}.Release|Any CPU.Build.0 = Release|Any CPU
		{1AC195A5-91EB-4C63-8035-0B9B1FA837E2}.Release|x64.ActiveCfg = Release|Any CPU
		{1AC195A5-91EB-4C63-8035-0B9B1FA837E2}.Release|x64.Build.0 = Release|Any CPU
		{4C141806-F4FA-43FC-8813-B5F02425EBEB}.Debug|Any CPU.ActiveCfg = Debug|Any CPU
		{4C141806-F4FA-43FC-8813-B5F02425EBEB}.Debug|Any CPU.Build.0 = Debug|Any CPU
		{4C141806-F4FA-43FC-8813-B5F02425EBEB}.Debug|x64.ActiveCfg = Debug|Any CPU
		{4C141806-F4FA-43FC-8813-B5F02425EBEB}.Debug|x64.Build.0 = Debug|Any CPU
		{4C141806-F4FA-43FC-8813-B5F02425EBEB}.Release|Any CPU.ActiveCfg = Release|Any CPU
		{4C141806-F4FA-43FC-8813-B5F02425EBEB}.Release|Any CPU.Build.0 = Release|Any CPU
		{4C141806-F4FA-43FC-8813-B5F02425EBEB}.Release|x64.ActiveCfg = Release|Any CPU
		{4C141806-F4FA-43FC-8813-B5F02425EBEB}.Release|x64.Build.0 = Release|Any CPU
	EndGlobalSection
	GlobalSection(SolutionProperties) = preSolution
		HideSolutionNode = FALSE
	EndGlobalSection
	GlobalSection(ExtensibilityGlobals) = postSolution
		SolutionGuid = {33BAC1EF-BCCF-43D6-978D-D96664CB27D1}
	EndGlobalSection
EndGlobal
